
Microsoft Visual Studio Solution File, Format Version 12.00
# Visual Studio Version 17
VisualStudioVersion = 17.12.35209.166
MinimumVisualStudioVersion = 10.0.40219.1
Project("{FAE04EC0-301F-11D3-BF4B-00C04F79EFBC}") = "lib_entities", "lib_services\lib_entities.csproj", "{D14A7AF7-2EA7-4013-AF2E-C2C76F4869AA}"
EndProject
Project("{2150E333-8FDC-42A3-9474-1A3956D46DE8}") = "Commons", "Commons", "{0DFC2F1D-D169-47B6-A896-CD23E5CB2AE4}"
EndProject
Project("{2150E333-8FDC-42A3-9474-1A3956D46DE8}") = "Services", "Services", "{71D74830-7410-412D-AB66-92DAA16EFB84}"
EndProject
Project("{FAE04EC0-301F-11D3-BF4B-00C04F79EFBC}") = "lib_repositories", "lib_repositories\lib_repositories.csproj", "{21FA6B3C-A24A-400E-BCA3-18664629F3D6}"
EndProject
Project("{FAE04EC0-301F-11D3-BF4B-00C04F79EFBC}") = "mst_test", "mst_test\mst_test.csproj", "{2FA99510-D1DD-433D-8F34-2DB154A038A8}"
EndProject
Project("{FAE04EC0-301F-11D3-BF4B-00C04F79EFBC}") = "lib_utilities", "lib_utilities\lib_utilities.csproj", "{32E1C826-BA16-4C4A-9F7C-233251FE39CC}"
EndProject
Project("{FAE04EC0-301F-11D3-BF4B-00C04F79EFBC}") = "lib_applications", "lib_applications\lib_applications.csproj", "{7B1D98A8-E687-433B-B11B-575EDA01F3B0}"
EndProject
Project("{FAE04EC0-301F-11D3-BF4B-00C04F79EFBC}") = "asp_services", "asp_services\asp_services.csproj", "{7EBBF024-0C7A-4DD4-B3AC-5C475756B19B}"
EndProject
Project("{2150E333-8FDC-42A3-9474-1A3956D46DE8}") = "Presentations", "Presentations", "{F2BB95C6-1414-4891-809C-8897423C4490}"
EndProject
Project("{FAE04EC0-301F-11D3-BF4B-00C04F79EFBC}") = "lib_comunications", "lib_comunications\lib_comunications.csproj", "{FC2ED8C2-DDF7-4A44-9B41-692EE408E567}"
EndProject
Project("{FAE04EC0-301F-11D3-BF4B-00C04F79EFBC}") = "lib_presentations", "lib_presentations\lib_presentations.csproj", "{CE5ECD0E-A067-46BA-9162-ADE9BC6399B4}"
EndProject
Global
	GlobalSection(SolutionConfigurationPlatforms) = preSolution
		Debug|Any CPU = Debug|Any CPU
		Release|Any CPU = Release|Any CPU
	EndGlobalSection
	GlobalSection(ProjectConfigurationPlatforms) = postSolution
		{D14A7AF7-2EA7-4013-AF2E-C2C76F4869AA}.Debug|Any CPU.ActiveCfg = Debug|Any CPU
		{D14A7AF7-2EA7-4013-AF2E-C2C76F4869AA}.Debug|Any CPU.Build.0 = Debug|Any CPU
		{D14A7AF7-2EA7-4013-AF2E-C2C76F4869AA}.Release|Any CPU.ActiveCfg = Release|Any CPU
		{D14A7AF7-2EA7-4013-AF2E-C2C76F4869AA}.Release|Any CPU.Build.0 = Release|Any CPU
		{21FA6B3C-A24A-400E-BCA3-18664629F3D6}.Debug|Any CPU.ActiveCfg = Debug|Any CPU
		{21FA6B3C-A24A-400E-BCA3-18664629F3D6}.Debug|Any CPU.Build.0 = Debug|Any CPU
		{21FA6B3C-A24A-400E-BCA3-18664629F3D6}.Release|Any CPU.ActiveCfg = Release|Any CPU
		{21FA6B3C-A24A-400E-BCA3-18664629F3D6}.Release|Any CPU.Build.0 = Release|Any CPU
		{2FA99510-D1DD-433D-8F34-2DB154A038A8}.Debug|Any CPU.ActiveCfg = Debug|Any CPU
		{2FA99510-D1DD-433D-8F34-2DB154A038A8}.Debug|Any CPU.Build.0 = Debug|Any CPU
		{2FA99510-D1DD-433D-8F34-2DB154A038A8}.Release|Any CPU.ActiveCfg = Release|Any CPU
		{2FA99510-D1DD-433D-8F34-2DB154A038A8}.Release|Any CPU.Build.0 = Release|Any CPU
		{32E1C826-BA16-4C4A-9F7C-233251FE39CC}.Debug|Any CPU.ActiveCfg = Debug|Any CPU
		{32E1C826-BA16-4C4A-9F7C-233251FE39CC}.Debug|Any CPU.Build.0 = Debug|Any CPU
		{32E1C826-BA16-4C4A-9F7C-233251FE39CC}.Release|Any CPU.ActiveCfg = Release|Any CPU
		{32E1C826-BA16-4C4A-9F7C-233251FE39CC}.Release|Any CPU.Build.0 = Release|Any CPU
		{7B1D98A8-E687-433B-B11B-575EDA01F3B0}.Debug|Any CPU.ActiveCfg = Debug|Any CPU
		{7B1D98A8-E687-433B-B11B-575EDA01F3B0}.Debug|Any CPU.Build.0 = Debug|Any CPU
		{7B1D98A8-E687-433B-B11B-575EDA01F3B0}.Release|Any CPU.ActiveCfg = Release|Any CPU
		{7B1D98A8-E687-433B-B11B-575EDA01F3B0}.Release|Any CPU.Build.0 = Release|Any CPU
		{7EBBF024-0C7A-4DD4-B3AC-5C475756B19B}.Debug|Any CPU.ActiveCfg = Debug|Any CPU
		{7EBBF024-0C7A-4DD4-B3AC-5C475756B19B}.Debug|Any CPU.Build.0 = Debug|Any CPU
		{7EBBF024-0C7A-4DD4-B3AC-5C475756B19B}.Release|Any CPU.ActiveCfg = Release|Any CPU
		{7EBBF024-0C7A-4DD4-B3AC-5C475756B19B}.Release|Any CPU.Build.0 = Release|Any CPU
		{FC2ED8C2-DDF7-4A44-9B41-692EE408E567}.Debug|Any CPU.ActiveCfg = Debug|Any CPU
		{FC2ED8C2-DDF7-4A44-9B41-692EE408E567}.Debug|Any CPU.Build.0 = Debug|Any CPU
		{FC2ED8C2-DDF7-4A44-9B41-692EE408E567}.Release|Any CPU.ActiveCfg = Release|Any CPU
		{FC2ED8C2-DDF7-4A44-9B41-692EE408E567}.Release|Any CPU.Build.0 = Release|Any CPU
		{CE5ECD0E-A067-46BA-9162-ADE9BC6399B4}.Debug|Any CPU.ActiveCfg = Debug|Any CPU
		{CE5ECD0E-A067-46BA-9162-ADE9BC6399B4}.Debug|Any CPU.Build.0 = Debug|Any CPU
		{CE5ECD0E-A067-46BA-9162-ADE9BC6399B4}.Release|Any CPU.ActiveCfg = Release|Any CPU
		{CE5ECD0E-A067-46BA-9162-ADE9BC6399B4}.Release|Any CPU.Build.0 = Release|Any CPU
	EndGlobalSection
	GlobalSection(SolutionProperties) = preSolution
		HideSolutionNode = FALSE
	EndGlobalSection
	GlobalSection(NestedProjects) = preSolution
		{D14A7AF7-2EA7-4013-AF2E-C2C76F4869AA} = {0DFC2F1D-D169-47B6-A896-CD23E5CB2AE4}
		{21FA6B3C-A24A-400E-BCA3-18664629F3D6} = {71D74830-7410-412D-AB66-92DAA16EFB84}
		{32E1C826-BA16-4C4A-9F7C-233251FE39CC} = {0DFC2F1D-D169-47B6-A896-CD23E5CB2AE4}
		{7B1D98A8-E687-433B-B11B-575EDA01F3B0} = {71D74830-7410-412D-AB66-92DAA16EFB84}
		{7EBBF024-0C7A-4DD4-B3AC-5C475756B19B} = {71D74830-7410-412D-AB66-92DAA16EFB84}
		{FC2ED8C2-DDF7-4A44-9B41-692EE408E567} = {F2BB95C6-1414-4891-809C-8897423C4490}
		{CE5ECD0E-A067-46BA-9162-ADE9BC6399B4} = {F2BB95C6-1414-4891-809C-8897423C4490}
	EndGlobalSection
EndGlobal
